
Microsoft Visual Studio Solution File, Format Version 12.00
# Visual Studio 15
VisualStudioVersion = 15.0.26730.12
MinimumVisualStudioVersion = 10.0.40219.1
Project("{FAE04EC0-301F-11D3-BF4B-00C04F79EFBC}") = "PollySamples", "PollySamples\PollySamples.csproj", "{11F75206-C118-4B8D-8B38-11C2E405FAAC}"
EndProject
Global
	GlobalSection(SolutionConfigurationPlatforms) = preSolution
		Debug|Any CPU = Debug|Any CPU
		Release|Any CPU = Release|Any CPU
	EndGlobalSection
	GlobalSection(ProjectConfigurationPlatforms) = postSolution
		{11F75206-C118-4B8D-8B38-11C2E405FAAC}.Debug|Any CPU.ActiveCfg = Debug|Any CPU
		{11F75206-C118-4B8D-8B38-11C2E405FAAC}.Debug|Any CPU.Build.0 = Debug|Any CPU
		{11F75206-C118-4B8D-8B38-11C2E405FAAC}.Release|Any CPU.ActiveCfg = Release|Any CPU
		{11F75206-C118-4B8D-8B38-11C2E405FAAC}.Release|Any CPU.Build.0 = Release|Any CPU
	EndGlobalSection
	GlobalSection(SolutionProperties) = preSolution
		HideSolutionNode = FALSE
	EndGlobalSection
	GlobalSection(ExtensibilityGlobals) = postSolution
		SolutionGuid = {0220284B-8D76-4F26-9E73-B7B96189794E}
	EndGlobalSection
EndGlobal
